<?xml version="1.0" encoding="UTF-8"?>
<CodeBlocks_project_file>
	<FileVersion major="1" minor="6"/>
	<Project>
		<Option title="fp_in_cpp"/>
		<Option makefile_is_custom="1"/>
		<Option compiler="gcc"/>
		<Option virtualFolders="CMake Files\;CMake Files\..\;CMake Files\..\..\;CMake Files\..\..\..\;CMake Files\..\..\..\..\;CMake Files\..\..\..\..\..\;CMake Files\..\..\..\..\..\usr\;CMake Files\..\..\..\..\..\usr\local\;CMake Files\..\..\..\..\..\usr\local\lib\;CMake Files\..\..\..\..\..\usr\local\lib\cmake\;CMake Files\..\..\..\..\..\usr\local\lib\cmake\range-v3\;CMake Files\src\;CMake Files\src\ch01\;CMake Files\src\ch02\;CMake Files\src\ch03\;"/>
		<Build>
			<Target title="all">
				<Option working_dir="/Users/vorpal/Development/C++/fp_in_cpp/debug"/>
				<Option type="4"/>
				<MakeCommands>
					<Build command="/usr/bin/make -j8 -f &quot;/Users/vorpal/Development/C++/fp_in_cpp/debug/Makefile&quot;  VERBOSE=1 all"/>
					<CompileFile command="/usr/bin/make -j8 -f &quot;/Users/vorpal/Development/C++/fp_in_cpp/debug/Makefile&quot;  VERBOSE=1 &quot;$file&quot;"/>
					<Clean command="/usr/bin/make -j8 -f &quot;/Users/vorpal/Development/C++/fp_in_cpp/debug/Makefile&quot;  VERBOSE=1 clean"/>
					<DistClean command="/usr/bin/make -j8 -f &quot;/Users/vorpal/Development/C++/fp_in_cpp/debug/Makefile&quot;  VERBOSE=1 clean"/>
				</MakeCommands>
			</Target>
			<Target title="rebuild_cache">
				<Option working_dir="/Users/vorpal/Development/C++/fp_in_cpp/debug"/>
				<Option type="4"/>
				<MakeCommands>
					<Build command="/usr/bin/make -j8 -f &quot;/Users/vorpal/Development/C++/fp_in_cpp/debug/Makefile&quot;  VERBOSE=1 rebuild_cache"/>
					<CompileFile command="/usr/bin/make -j8 -f &quot;/Users/vorpal/Development/C++/fp_in_cpp/debug/Makefile&quot;  VERBOSE=1 &quot;$file&quot;"/>
					<Clean command="/usr/bin/make -j8 -f &quot;/Users/vorpal/Development/C++/fp_in_cpp/debug/Makefile&quot;  VERBOSE=1 clean"/>
					<DistClean command="/usr/bin/make -j8 -f &quot;/Users/vorpal/Development/C++/fp_in_cpp/debug/Makefile&quot;  VERBOSE=1 clean"/>
				</MakeCommands>
			</Target>
			<Target title="edit_cache">
				<Option working_dir="/Users/vorpal/Development/C++/fp_in_cpp/debug"/>
				<Option type="4"/>
				<MakeCommands>
					<Build command="/usr/bin/make -j8 -f &quot;/Users/vorpal/Development/C++/fp_in_cpp/debug/Makefile&quot;  VERBOSE=1 edit_cache"/>
					<CompileFile command="/usr/bin/make -j8 -f &quot;/Users/vorpal/Development/C++/fp_in_cpp/debug/Makefile&quot;  VERBOSE=1 &quot;$file&quot;"/>
					<Clean command="/usr/bin/make -j8 -f &quot;/Users/vorpal/Development/C++/fp_in_cpp/debug/Makefile&quot;  VERBOSE=1 clean"/>
					<DistClean command="/usr/bin/make -j8 -f &quot;/Users/vorpal/Development/C++/fp_in_cpp/debug/Makefile&quot;  VERBOSE=1 clean"/>
				</MakeCommands>
			</Target>
			<Target title="people">
				<Option output="/Users/vorpal/Development/C++/fp_in_cpp/debug/src/ch01/people" prefix_auto="0" extension_auto="0"/>
				<Option working_dir="/Users/vorpal/Development/C++/fp_in_cpp/debug/src/ch01"/>
				<Option object_output="./"/>
				<Option type="1"/>
				<Option compiler="gcc"/>
				<Compiler>
					<Add directory="/usr/local/include"/>
					<Add directory="/Applications/Xcode.app/Contents/Developer/Toolchains/XcodeDefault.xctoolchain/usr/include/c++/v1"/>
					<Add directory="/Applications/Xcode.app/Contents/Developer/Toolchains/XcodeDefault.xctoolchain/usr/lib/clang/10.0.0/include"/>
					<Add directory="/Applications/Xcode.app/Contents/Developer/Toolchains/XcodeDefault.xctoolchain/usr/include"/>
					<Add directory="/System/Library/Frameworks"/>
					<Add directory="/Library/Frameworks"/>
				</Compiler>
				<MakeCommands>
					<Build command="/usr/bin/make -j8 -f &quot;/Users/vorpal/Development/C++/fp_in_cpp/debug/src/ch01/Makefile&quot;  VERBOSE=1 people"/>
					<CompileFile command="/usr/bin/make -j8 -f &quot;/Users/vorpal/Development/C++/fp_in_cpp/debug/src/ch01/Makefile&quot;  VERBOSE=1 &quot;$file&quot;"/>
					<Clean command="/usr/bin/make -j8 -f &quot;/Users/vorpal/Development/C++/fp_in_cpp/debug/src/ch01/Makefile&quot;  VERBOSE=1 clean"/>
					<DistClean command="/usr/bin/make -j8 -f &quot;/Users/vorpal/Development/C++/fp_in_cpp/debug/src/ch01/Makefile&quot;  VERBOSE=1 clean"/>
				</MakeCommands>
			</Target>
			<Target title="people/fast">
				<Option output="/Users/vorpal/Development/C++/fp_in_cpp/debug/src/ch01/people" prefix_auto="0" extension_auto="0"/>
				<Option working_dir="/Users/vorpal/Development/C++/fp_in_cpp/debug/src/ch01"/>
				<Option object_output="./"/>
				<Option type="1"/>
				<Option compiler="gcc"/>
				<Compiler>
					<Add directory="/usr/local/include"/>
					<Add directory="/Applications/Xcode.app/Contents/Developer/Toolchains/XcodeDefault.xctoolchain/usr/include/c++/v1"/>
					<Add directory="/Applications/Xcode.app/Contents/Developer/Toolchains/XcodeDefault.xctoolchain/usr/lib/clang/10.0.0/include"/>
					<Add directory="/Applications/Xcode.app/Contents/Developer/Toolchains/XcodeDefault.xctoolchain/usr/include"/>
					<Add directory="/System/Library/Frameworks"/>
					<Add directory="/Library/Frameworks"/>
				</Compiler>
				<MakeCommands>
					<Build command="/usr/bin/make -j8 -f &quot;/Users/vorpal/Development/C++/fp_in_cpp/debug/src/ch01/Makefile&quot;  VERBOSE=1 people/fast"/>
					<CompileFile command="/usr/bin/make -j8 -f &quot;/Users/vorpal/Development/C++/fp_in_cpp/debug/src/ch01/Makefile&quot;  VERBOSE=1 &quot;$file&quot;"/>
					<Clean command="/usr/bin/make -j8 -f &quot;/Users/vorpal/Development/C++/fp_in_cpp/debug/src/ch01/Makefile&quot;  VERBOSE=1 clean"/>
					<DistClean command="/usr/bin/make -j8 -f &quot;/Users/vorpal/Development/C++/fp_in_cpp/debug/src/ch01/Makefile&quot;  VERBOSE=1 clean"/>
				</MakeCommands>
			</Target>
			<Target title="listing1_5">
				<Option output="/Users/vorpal/Development/C++/fp_in_cpp/debug/src/ch01/listing1_5" prefix_auto="0" extension_auto="0"/>
				<Option working_dir="/Users/vorpal/Development/C++/fp_in_cpp/debug/src/ch01"/>
				<Option object_output="./"/>
				<Option type="1"/>
				<Option compiler="gcc"/>
				<Compiler>
					<Add directory="/usr/local/include"/>
					<Add directory="/Applications/Xcode.app/Contents/Developer/Toolchains/XcodeDefault.xctoolchain/usr/include/c++/v1"/>
					<Add directory="/Applications/Xcode.app/Contents/Developer/Toolchains/XcodeDefault.xctoolchain/usr/lib/clang/10.0.0/include"/>
					<Add directory="/Applications/Xcode.app/Contents/Developer/Toolchains/XcodeDefault.xctoolchain/usr/include"/>
					<Add directory="/System/Library/Frameworks"/>
					<Add directory="/Library/Frameworks"/>
				</Compiler>
				<MakeCommands>
					<Build command="/usr/bin/make -j8 -f &quot;/Users/vorpal/Development/C++/fp_in_cpp/debug/src/ch01/Makefile&quot;  VERBOSE=1 listing1_5"/>
					<CompileFile command="/usr/bin/make -j8 -f &quot;/Users/vorpal/Development/C++/fp_in_cpp/debug/src/ch01/Makefile&quot;  VERBOSE=1 &quot;$file&quot;"/>
					<Clean command="/usr/bin/make -j8 -f &quot;/Users/vorpal/Development/C++/fp_in_cpp/debug/src/ch01/Makefile&quot;  VERBOSE=1 clean"/>
					<DistClean command="/usr/bin/make -j8 -f &quot;/Users/vorpal/Development/C++/fp_in_cpp/debug/src/ch01/Makefile&quot;  VERBOSE=1 clean"/>
				</MakeCommands>
			</Target>
			<Target title="listing1_5/fast">
				<Option output="/Users/vorpal/Development/C++/fp_in_cpp/debug/src/ch01/listing1_5" prefix_auto="0" extension_auto="0"/>
				<Option working_dir="/Users/vorpal/Development/C++/fp_in_cpp/debug/src/ch01"/>
				<Option object_output="./"/>
				<Option type="1"/>
				<Option compiler="gcc"/>
				<Compiler>
					<Add directory="/usr/local/include"/>
					<Add directory="/Applications/Xcode.app/Contents/Developer/Toolchains/XcodeDefault.xctoolchain/usr/include/c++/v1"/>
					<Add directory="/Applications/Xcode.app/Contents/Developer/Toolchains/XcodeDefault.xctoolchain/usr/lib/clang/10.0.0/include"/>
					<Add directory="/Applications/Xcode.app/Contents/Developer/Toolchains/XcodeDefault.xctoolchain/usr/include"/>
					<Add directory="/System/Library/Frameworks"/>
					<Add directory="/Library/Frameworks"/>
				</Compiler>
				<MakeCommands>
					<Build command="/usr/bin/make -j8 -f &quot;/Users/vorpal/Development/C++/fp_in_cpp/debug/src/ch01/Makefile&quot;  VERBOSE=1 listing1_5/fast"/>
					<CompileFile command="/usr/bin/make -j8 -f &quot;/Users/vorpal/Development/C++/fp_in_cpp/debug/src/ch01/Makefile&quot;  VERBOSE=1 &quot;$file&quot;"/>
					<Clean command="/usr/bin/make -j8 -f &quot;/Users/vorpal/Development/C++/fp_in_cpp/debug/src/ch01/Makefile&quot;  VERBOSE=1 clean"/>
					<DistClean command="/usr/bin/make -j8 -f &quot;/Users/vorpal/Development/C++/fp_in_cpp/debug/src/ch01/Makefile&quot;  VERBOSE=1 clean"/>
				</MakeCommands>
			</Target>
			<Target title="listing1_4">
				<Option output="/Users/vorpal/Development/C++/fp_in_cpp/debug/src/ch01/listing1_4" prefix_auto="0" extension_auto="0"/>
				<Option working_dir="/Users/vorpal/Development/C++/fp_in_cpp/debug/src/ch01"/>
				<Option object_output="./"/>
				<Option type="1"/>
				<Option compiler="gcc"/>
				<Compiler>
					<Add directory="/usr/local/include"/>
					<Add directory="/Applications/Xcode.app/Contents/Developer/Toolchains/XcodeDefault.xctoolchain/usr/include/c++/v1"/>
					<Add directory="/Applications/Xcode.app/Contents/Developer/Toolchains/XcodeDefault.xctoolchain/usr/lib/clang/10.0.0/include"/>
					<Add directory="/Applications/Xcode.app/Contents/Developer/Toolchains/XcodeDefault.xctoolchain/usr/include"/>
					<Add directory="/System/Library/Frameworks"/>
					<Add directory="/Library/Frameworks"/>
				</Compiler>
				<MakeCommands>
					<Build command="/usr/bin/make -j8 -f &quot;/Users/vorpal/Development/C++/fp_in_cpp/debug/src/ch01/Makefile&quot;  VERBOSE=1 listing1_4"/>
					<CompileFile command="/usr/bin/make -j8 -f &quot;/Users/vorpal/Development/C++/fp_in_cpp/debug/src/ch01/Makefile&quot;  VERBOSE=1 &quot;$file&quot;"/>
					<Clean command="/usr/bin/make -j8 -f &quot;/Users/vorpal/Development/C++/fp_in_cpp/debug/src/ch01/Makefile&quot;  VERBOSE=1 clean"/>
					<DistClean command="/usr/bin/make -j8 -f &quot;/Users/vorpal/Development/C++/fp_in_cpp/debug/src/ch01/Makefile&quot;  VERBOSE=1 clean"/>
				</MakeCommands>
			</Target>
			<Target title="listing1_4/fast">
				<Option output="/Users/vorpal/Development/C++/fp_in_cpp/debug/src/ch01/listing1_4" prefix_auto="0" extension_auto="0"/>
				<Option working_dir="/Users/vorpal/Development/C++/fp_in_cpp/debug/src/ch01"/>
				<Option object_output="./"/>
				<Option type="1"/>
				<Option compiler="gcc"/>
				<Compiler>
					<Add directory="/usr/local/include"/>
					<Add directory="/Applications/Xcode.app/Contents/Developer/Toolchains/XcodeDefault.xctoolchain/usr/include/c++/v1"/>
					<Add directory="/Applications/Xcode.app/Contents/Developer/Toolchains/XcodeDefault.xctoolchain/usr/lib/clang/10.0.0/include"/>
					<Add directory="/Applications/Xcode.app/Contents/Developer/Toolchains/XcodeDefault.xctoolchain/usr/include"/>
					<Add directory="/System/Library/Frameworks"/>
					<Add directory="/Library/Frameworks"/>
				</Compiler>
				<MakeCommands>
					<Build command="/usr/bin/make -j8 -f &quot;/Users/vorpal/Development/C++/fp_in_cpp/debug/src/ch01/Makefile&quot;  VERBOSE=1 listing1_4/fast"/>
					<CompileFile command="/usr/bin/make -j8 -f &quot;/Users/vorpal/Development/C++/fp_in_cpp/debug/src/ch01/Makefile&quot;  VERBOSE=1 &quot;$file&quot;"/>
					<Clean command="/usr/bin/make -j8 -f &quot;/Users/vorpal/Development/C++/fp_in_cpp/debug/src/ch01/Makefile&quot;  VERBOSE=1 clean"/>
					<DistClean command="/usr/bin/make -j8 -f &quot;/Users/vorpal/Development/C++/fp_in_cpp/debug/src/ch01/Makefile&quot;  VERBOSE=1 clean"/>
				</MakeCommands>
			</Target>
			<Target title="listing1_2">
				<Option output="/Users/vorpal/Development/C++/fp_in_cpp/debug/src/ch01/listing1_2" prefix_auto="0" extension_auto="0"/>
				<Option working_dir="/Users/vorpal/Development/C++/fp_in_cpp/debug/src/ch01"/>
				<Option object_output="./"/>
				<Option type="1"/>
				<Option compiler="gcc"/>
				<Compiler>
					<Add directory="/usr/local/include"/>
					<Add directory="/Applications/Xcode.app/Contents/Developer/Toolchains/XcodeDefault.xctoolchain/usr/include/c++/v1"/>
					<Add directory="/Applications/Xcode.app/Contents/Developer/Toolchains/XcodeDefault.xctoolchain/usr/lib/clang/10.0.0/include"/>
					<Add directory="/Applications/Xcode.app/Contents/Developer/Toolchains/XcodeDefault.xctoolchain/usr/include"/>
					<Add directory="/System/Library/Frameworks"/>
					<Add directory="/Library/Frameworks"/>
				</Compiler>
				<MakeCommands>
					<Build command="/usr/bin/make -j8 -f &quot;/Users/vorpal/Development/C++/fp_in_cpp/debug/src/ch01/Makefile&quot;  VERBOSE=1 listing1_2"/>
					<CompileFile command="/usr/bin/make -j8 -f &quot;/Users/vorpal/Development/C++/fp_in_cpp/debug/src/ch01/Makefile&quot;  VERBOSE=1 &quot;$file&quot;"/>
					<Clean command="/usr/bin/make -j8 -f &quot;/Users/vorpal/Development/C++/fp_in_cpp/debug/src/ch01/Makefile&quot;  VERBOSE=1 clean"/>
					<DistClean command="/usr/bin/make -j8 -f &quot;/Users/vorpal/Development/C++/fp_in_cpp/debug/src/ch01/Makefile&quot;  VERBOSE=1 clean"/>
				</MakeCommands>
			</Target>
			<Target title="listing1_2/fast">
				<Option output="/Users/vorpal/Development/C++/fp_in_cpp/debug/src/ch01/listing1_2" prefix_auto="0" extension_auto="0"/>
				<Option working_dir="/Users/vorpal/Development/C++/fp_in_cpp/debug/src/ch01"/>
				<Option object_output="./"/>
				<Option type="1"/>
				<Option compiler="gcc"/>
				<Compiler>
					<Add directory="/usr/local/include"/>
					<Add directory="/Applications/Xcode.app/Contents/Developer/Toolchains/XcodeDefault.xctoolchain/usr/include/c++/v1"/>
					<Add directory="/Applications/Xcode.app/Contents/Developer/Toolchains/XcodeDefault.xctoolchain/usr/lib/clang/10.0.0/include"/>
					<Add directory="/Applications/Xcode.app/Contents/Developer/Toolchains/XcodeDefault.xctoolchain/usr/include"/>
					<Add directory="/System/Library/Frameworks"/>
					<Add directory="/Library/Frameworks"/>
				</Compiler>
				<MakeCommands>
					<Build command="/usr/bin/make -j8 -f &quot;/Users/vorpal/Development/C++/fp_in_cpp/debug/src/ch01/Makefile&quot;  VERBOSE=1 listing1_2/fast"/>
					<CompileFile command="/usr/bin/make -j8 -f &quot;/Users/vorpal/Development/C++/fp_in_cpp/debug/src/ch01/Makefile&quot;  VERBOSE=1 &quot;$file&quot;"/>
					<Clean command="/usr/bin/make -j8 -f &quot;/Users/vorpal/Development/C++/fp_in_cpp/debug/src/ch01/Makefile&quot;  VERBOSE=1 clean"/>
					<DistClean command="/usr/bin/make -j8 -f &quot;/Users/vorpal/Development/C++/fp_in_cpp/debug/src/ch01/Makefile&quot;  VERBOSE=1 clean"/>
				</MakeCommands>
			</Target>
			<Target title="listing1_1">
				<Option output="/Users/vorpal/Development/C++/fp_in_cpp/debug/src/ch01/listing1_1" prefix_auto="0" extension_auto="0"/>
				<Option working_dir="/Users/vorpal/Development/C++/fp_in_cpp/debug/src/ch01"/>
				<Option object_output="./"/>
				<Option type="1"/>
				<Option compiler="gcc"/>
				<Compiler>
					<Add directory="/usr/local/include"/>
					<Add directory="/Applications/Xcode.app/Contents/Developer/Toolchains/XcodeDefault.xctoolchain/usr/include/c++/v1"/>
					<Add directory="/Applications/Xcode.app/Contents/Developer/Toolchains/XcodeDefault.xctoolchain/usr/lib/clang/10.0.0/include"/>
					<Add directory="/Applications/Xcode.app/Contents/Developer/Toolchains/XcodeDefault.xctoolchain/usr/include"/>
					<Add directory="/System/Library/Frameworks"/>
					<Add directory="/Library/Frameworks"/>
				</Compiler>
				<MakeCommands>
					<Build command="/usr/bin/make -j8 -f &quot;/Users/vorpal/Development/C++/fp_in_cpp/debug/src/ch01/Makefile&quot;  VERBOSE=1 listing1_1"/>
					<CompileFile command="/usr/bin/make -j8 -f &quot;/Users/vorpal/Development/C++/fp_in_cpp/debug/src/ch01/Makefile&quot;  VERBOSE=1 &quot;$file&quot;"/>
					<Clean command="/usr/bin/make -j8 -f &quot;/Users/vorpal/Development/C++/fp_in_cpp/debug/src/ch01/Makefile&quot;  VERBOSE=1 clean"/>
					<DistClean command="/usr/bin/make -j8 -f &quot;/Users/vorpal/Development/C++/fp_in_cpp/debug/src/ch01/Makefile&quot;  VERBOSE=1 clean"/>
				</MakeCommands>
			</Target>
			<Target title="listing1_1/fast">
				<Option output="/Users/vorpal/Development/C++/fp_in_cpp/debug/src/ch01/listing1_1" prefix_auto="0" extension_auto="0"/>
				<Option working_dir="/Users/vorpal/Development/C++/fp_in_cpp/debug/src/ch01"/>
				<Option object_output="./"/>
				<Option type="1"/>
				<Option compiler="gcc"/>
				<Compiler>
					<Add directory="/usr/local/include"/>
					<Add directory="/Applications/Xcode.app/Contents/Developer/Toolchains/XcodeDefault.xctoolchain/usr/include/c++/v1"/>
					<Add directory="/Applications/Xcode.app/Contents/Developer/Toolchains/XcodeDefault.xctoolchain/usr/lib/clang/10.0.0/include"/>
					<Add directory="/Applications/Xcode.app/Contents/Developer/Toolchains/XcodeDefault.xctoolchain/usr/include"/>
					<Add directory="/System/Library/Frameworks"/>
					<Add directory="/Library/Frameworks"/>
				</Compiler>
				<MakeCommands>
					<Build command="/usr/bin/make -j8 -f &quot;/Users/vorpal/Development/C++/fp_in_cpp/debug/src/ch01/Makefile&quot;  VERBOSE=1 listing1_1/fast"/>
					<CompileFile command="/usr/bin/make -j8 -f &quot;/Users/vorpal/Development/C++/fp_in_cpp/debug/src/ch01/Makefile&quot;  VERBOSE=1 &quot;$file&quot;"/>
					<Clean command="/usr/bin/make -j8 -f &quot;/Users/vorpal/Development/C++/fp_in_cpp/debug/src/ch01/Makefile&quot;  VERBOSE=1 clean"/>
					<DistClean command="/usr/bin/make -j8 -f &quot;/Users/vorpal/Development/C++/fp_in_cpp/debug/src/ch01/Makefile&quot;  VERBOSE=1 clean"/>
				</MakeCommands>
			</Target>
			<Target title="string_trim">
				<Option output="/Users/vorpal/Development/C++/fp_in_cpp/debug/src/ch02/string_trim" prefix_auto="0" extension_auto="0"/>
				<Option working_dir="/Users/vorpal/Development/C++/fp_in_cpp/debug/src/ch02"/>
				<Option object_output="./"/>
				<Option type="1"/>
				<Option compiler="gcc"/>
				<Compiler>
					<Add directory="/usr/local/include"/>
					<Add directory="/Applications/Xcode.app/Contents/Developer/Toolchains/XcodeDefault.xctoolchain/usr/include/c++/v1"/>
					<Add directory="/Applications/Xcode.app/Contents/Developer/Toolchains/XcodeDefault.xctoolchain/usr/lib/clang/10.0.0/include"/>
					<Add directory="/Applications/Xcode.app/Contents/Developer/Toolchains/XcodeDefault.xctoolchain/usr/include"/>
					<Add directory="/System/Library/Frameworks"/>
					<Add directory="/Library/Frameworks"/>
				</Compiler>
				<MakeCommands>
					<Build command="/usr/bin/make -j8 -f &quot;/Users/vorpal/Development/C++/fp_in_cpp/debug/src/ch02/Makefile&quot;  VERBOSE=1 string_trim"/>
					<CompileFile command="/usr/bin/make -j8 -f &quot;/Users/vorpal/Development/C++/fp_in_cpp/debug/src/ch02/Makefile&quot;  VERBOSE=1 &quot;$file&quot;"/>
					<Clean command="/usr/bin/make -j8 -f &quot;/Users/vorpal/Development/C++/fp_in_cpp/debug/src/ch02/Makefile&quot;  VERBOSE=1 clean"/>
					<DistClean command="/usr/bin/make -j8 -f &quot;/Users/vorpal/Development/C++/fp_in_cpp/debug/src/ch02/Makefile&quot;  VERBOSE=1 clean"/>
				</MakeCommands>
			</Target>
			<Target title="string_trim/fast">
				<Option output="/Users/vorpal/Development/C++/fp_in_cpp/debug/src/ch02/string_trim" prefix_auto="0" extension_auto="0"/>
				<Option working_dir="/Users/vorpal/Development/C++/fp_in_cpp/debug/src/ch02"/>
				<Option object_output="./"/>
				<Option type="1"/>
				<Option compiler="gcc"/>
				<Compiler>
					<Add directory="/usr/local/include"/>
					<Add directory="/Applications/Xcode.app/Contents/Developer/Toolchains/XcodeDefault.xctoolchain/usr/include/c++/v1"/>
					<Add directory="/Applications/Xcode.app/Contents/Developer/Toolchains/XcodeDefault.xctoolchain/usr/lib/clang/10.0.0/include"/>
					<Add directory="/Applications/Xcode.app/Contents/Developer/Toolchains/XcodeDefault.xctoolchain/usr/include"/>
					<Add directory="/System/Library/Frameworks"/>
					<Add directory="/Library/Frameworks"/>
				</Compiler>
				<MakeCommands>
					<Build command="/usr/bin/make -j8 -f &quot;/Users/vorpal/Development/C++/fp_in_cpp/debug/src/ch02/Makefile&quot;  VERBOSE=1 string_trim/fast"/>
					<CompileFile command="/usr/bin/make -j8 -f &quot;/Users/vorpal/Development/C++/fp_in_cpp/debug/src/ch02/Makefile&quot;  VERBOSE=1 &quot;$file&quot;"/>
					<Clean command="/usr/bin/make -j8 -f &quot;/Users/vorpal/Development/C++/fp_in_cpp/debug/src/ch02/Makefile&quot;  VERBOSE=1 clean"/>
					<DistClean command="/usr/bin/make -j8 -f &quot;/Users/vorpal/Development/C++/fp_in_cpp/debug/src/ch02/Makefile&quot;  VERBOSE=1 clean"/>
				</MakeCommands>
			</Target>
			<Target title="right_fold">
				<Option output="/Users/vorpal/Development/C++/fp_in_cpp/debug/src/ch02/right_fold" prefix_auto="0" extension_auto="0"/>
				<Option working_dir="/Users/vorpal/Development/C++/fp_in_cpp/debug/src/ch02"/>
				<Option object_output="./"/>
				<Option type="1"/>
				<Option compiler="gcc"/>
				<Compiler>
					<Add directory="/usr/local/include"/>
					<Add directory="/Applications/Xcode.app/Contents/Developer/Toolchains/XcodeDefault.xctoolchain/usr/include/c++/v1"/>
					<Add directory="/Applications/Xcode.app/Contents/Developer/Toolchains/XcodeDefault.xctoolchain/usr/lib/clang/10.0.0/include"/>
					<Add directory="/Applications/Xcode.app/Contents/Developer/Toolchains/XcodeDefault.xctoolchain/usr/include"/>
					<Add directory="/System/Library/Frameworks"/>
					<Add directory="/Library/Frameworks"/>
				</Compiler>
				<MakeCommands>
					<Build command="/usr/bin/make -j8 -f &quot;/Users/vorpal/Development/C++/fp_in_cpp/debug/src/ch02/Makefile&quot;  VERBOSE=1 right_fold"/>
					<CompileFile command="/usr/bin/make -j8 -f &quot;/Users/vorpal/Development/C++/fp_in_cpp/debug/src/ch02/Makefile&quot;  VERBOSE=1 &quot;$file&quot;"/>
					<Clean command="/usr/bin/make -j8 -f &quot;/Users/vorpal/Development/C++/fp_in_cpp/debug/src/ch02/Makefile&quot;  VERBOSE=1 clean"/>
					<DistClean command="/usr/bin/make -j8 -f &quot;/Users/vorpal/Development/C++/fp_in_cpp/debug/src/ch02/Makefile&quot;  VERBOSE=1 clean"/>
				</MakeCommands>
			</Target>
			<Target title="right_fold/fast">
				<Option output="/Users/vorpal/Development/C++/fp_in_cpp/debug/src/ch02/right_fold" prefix_auto="0" extension_auto="0"/>
				<Option working_dir="/Users/vorpal/Development/C++/fp_in_cpp/debug/src/ch02"/>
				<Option object_output="./"/>
				<Option type="1"/>
				<Option compiler="gcc"/>
				<Compiler>
					<Add directory="/usr/local/include"/>
					<Add directory="/Applications/Xcode.app/Contents/Developer/Toolchains/XcodeDefault.xctoolchain/usr/include/c++/v1"/>
					<Add directory="/Applications/Xcode.app/Contents/Developer/Toolchains/XcodeDefault.xctoolchain/usr/lib/clang/10.0.0/include"/>
					<Add directory="/Applications/Xcode.app/Contents/Developer/Toolchains/XcodeDefault.xctoolchain/usr/include"/>
					<Add directory="/System/Library/Frameworks"/>
					<Add directory="/Library/Frameworks"/>
				</Compiler>
				<MakeCommands>
					<Build command="/usr/bin/make -j8 -f &quot;/Users/vorpal/Development/C++/fp_in_cpp/debug/src/ch02/Makefile&quot;  VERBOSE=1 right_fold/fast"/>
					<CompileFile command="/usr/bin/make -j8 -f &quot;/Users/vorpal/Development/C++/fp_in_cpp/debug/src/ch02/Makefile&quot;  VERBOSE=1 &quot;$file&quot;"/>
					<Clean command="/usr/bin/make -j8 -f &quot;/Users/vorpal/Development/C++/fp_in_cpp/debug/src/ch02/Makefile&quot;  VERBOSE=1 clean"/>
					<DistClean command="/usr/bin/make -j8 -f &quot;/Users/vorpal/Development/C++/fp_in_cpp/debug/src/ch02/Makefile&quot;  VERBOSE=1 clean"/>
				</MakeCommands>
			</Target>
			<Target title="listing2_11">
				<Option output="/Users/vorpal/Development/C++/fp_in_cpp/debug/src/ch02/listing2_11" prefix_auto="0" extension_auto="0"/>
				<Option working_dir="/Users/vorpal/Development/C++/fp_in_cpp/debug/src/ch02"/>
				<Option object_output="./"/>
				<Option type="1"/>
				<Option compiler="gcc"/>
				<Compiler>
					<Add directory="/usr/local/include"/>
					<Add directory="/Applications/Xcode.app/Contents/Developer/Toolchains/XcodeDefault.xctoolchain/usr/include/c++/v1"/>
					<Add directory="/Applications/Xcode.app/Contents/Developer/Toolchains/XcodeDefault.xctoolchain/usr/lib/clang/10.0.0/include"/>
					<Add directory="/Applications/Xcode.app/Contents/Developer/Toolchains/XcodeDefault.xctoolchain/usr/include"/>
					<Add directory="/System/Library/Frameworks"/>
					<Add directory="/Library/Frameworks"/>
				</Compiler>
				<MakeCommands>
					<Build command="/usr/bin/make -j8 -f &quot;/Users/vorpal/Development/C++/fp_in_cpp/debug/src/ch02/Makefile&quot;  VERBOSE=1 listing2_11"/>
					<CompileFile command="/usr/bin/make -j8 -f &quot;/Users/vorpal/Development/C++/fp_in_cpp/debug/src/ch02/Makefile&quot;  VERBOSE=1 &quot;$file&quot;"/>
					<Clean command="/usr/bin/make -j8 -f &quot;/Users/vorpal/Development/C++/fp_in_cpp/debug/src/ch02/Makefile&quot;  VERBOSE=1 clean"/>
					<DistClean command="/usr/bin/make -j8 -f &quot;/Users/vorpal/Development/C++/fp_in_cpp/debug/src/ch02/Makefile&quot;  VERBOSE=1 clean"/>
				</MakeCommands>
			</Target>
			<Target title="listing2_11/fast">
				<Option output="/Users/vorpal/Development/C++/fp_in_cpp/debug/src/ch02/listing2_11" prefix_auto="0" extension_auto="0"/>
				<Option working_dir="/Users/vorpal/Development/C++/fp_in_cpp/debug/src/ch02"/>
				<Option object_output="./"/>
				<Option type="1"/>
				<Option compiler="gcc"/>
				<Compiler>
					<Add directory="/usr/local/include"/>
					<Add directory="/Applications/Xcode.app/Contents/Developer/Toolchains/XcodeDefault.xctoolchain/usr/include/c++/v1"/>
					<Add directory="/Applications/Xcode.app/Contents/Developer/Toolchains/XcodeDefault.xctoolchain/usr/lib/clang/10.0.0/include"/>
					<Add directory="/Applications/Xcode.app/Contents/Developer/Toolchains/XcodeDefault.xctoolchain/usr/include"/>
					<Add directory="/System/Library/Frameworks"/>
					<Add directory="/Library/Frameworks"/>
				</Compiler>
				<MakeCommands>
					<Build command="/usr/bin/make -j8 -f &quot;/Users/vorpal/Development/C++/fp_in_cpp/debug/src/ch02/Makefile&quot;  VERBOSE=1 listing2_11/fast"/>
					<CompileFile command="/usr/bin/make -j8 -f &quot;/Users/vorpal/Development/C++/fp_in_cpp/debug/src/ch02/Makefile&quot;  VERBOSE=1 &quot;$file&quot;"/>
					<Clean command="/usr/bin/make -j8 -f &quot;/Users/vorpal/Development/C++/fp_in_cpp/debug/src/ch02/Makefile&quot;  VERBOSE=1 clean"/>
					<DistClean command="/usr/bin/make -j8 -f &quot;/Users/vorpal/Development/C++/fp_in_cpp/debug/src/ch02/Makefile&quot;  VERBOSE=1 clean"/>
				</MakeCommands>
			</Target>
			<Target title="listing2_14">
				<Option output="/Users/vorpal/Development/C++/fp_in_cpp/debug/src/ch02/listing2_14" prefix_auto="0" extension_auto="0"/>
				<Option working_dir="/Users/vorpal/Development/C++/fp_in_cpp/debug/src/ch02"/>
				<Option object_output="./"/>
				<Option type="1"/>
				<Option compiler="gcc"/>
				<Compiler>
					<Add directory="/usr/local/include"/>
					<Add directory="/Applications/Xcode.app/Contents/Developer/Toolchains/XcodeDefault.xctoolchain/usr/include/c++/v1"/>
					<Add directory="/Applications/Xcode.app/Contents/Developer/Toolchains/XcodeDefault.xctoolchain/usr/lib/clang/10.0.0/include"/>
					<Add directory="/Applications/Xcode.app/Contents/Developer/Toolchains/XcodeDefault.xctoolchain/usr/include"/>
					<Add directory="/System/Library/Frameworks"/>
					<Add directory="/Library/Frameworks"/>
				</Compiler>
				<MakeCommands>
					<Build command="/usr/bin/make -j8 -f &quot;/Users/vorpal/Development/C++/fp_in_cpp/debug/src/ch02/Makefile&quot;  VERBOSE=1 listing2_14"/>
					<CompileFile command="/usr/bin/make -j8 -f &quot;/Users/vorpal/Development/C++/fp_in_cpp/debug/src/ch02/Makefile&quot;  VERBOSE=1 &quot;$file&quot;"/>
					<Clean command="/usr/bin/make -j8 -f &quot;/Users/vorpal/Development/C++/fp_in_cpp/debug/src/ch02/Makefile&quot;  VERBOSE=1 clean"/>
					<DistClean command="/usr/bin/make -j8 -f &quot;/Users/vorpal/Development/C++/fp_in_cpp/debug/src/ch02/Makefile&quot;  VERBOSE=1 clean"/>
				</MakeCommands>
			</Target>
			<Target title="listing2_14/fast">
				<Option output="/Users/vorpal/Development/C++/fp_in_cpp/debug/src/ch02/listing2_14" prefix_auto="0" extension_auto="0"/>
				<Option working_dir="/Users/vorpal/Development/C++/fp_in_cpp/debug/src/ch02"/>
				<Option object_output="./"/>
				<Option type="1"/>
				<Option compiler="gcc"/>
				<Compiler>
					<Add directory="/usr/local/include"/>
					<Add directory="/Applications/Xcode.app/Contents/Developer/Toolchains/XcodeDefault.xctoolchain/usr/include/c++/v1"/>
					<Add directory="/Applications/Xcode.app/Contents/Developer/Toolchains/XcodeDefault.xctoolchain/usr/lib/clang/10.0.0/include"/>
					<Add directory="/Applications/Xcode.app/Contents/Developer/Toolchains/XcodeDefault.xctoolchain/usr/include"/>
					<Add directory="/System/Library/Frameworks"/>
					<Add directory="/Library/Frameworks"/>
				</Compiler>
				<MakeCommands>
					<Build command="/usr/bin/make -j8 -f &quot;/Users/vorpal/Development/C++/fp_in_cpp/debug/src/ch02/Makefile&quot;  VERBOSE=1 listing2_14/fast"/>
					<CompileFile command="/usr/bin/make -j8 -f &quot;/Users/vorpal/Development/C++/fp_in_cpp/debug/src/ch02/Makefile&quot;  VERBOSE=1 &quot;$file&quot;"/>
					<Clean command="/usr/bin/make -j8 -f &quot;/Users/vorpal/Development/C++/fp_in_cpp/debug/src/ch02/Makefile&quot;  VERBOSE=1 clean"/>
					<DistClean command="/usr/bin/make -j8 -f &quot;/Users/vorpal/Development/C++/fp_in_cpp/debug/src/ch02/Makefile&quot;  VERBOSE=1 clean"/>
				</MakeCommands>
			</Target>
			<Target title="listing2_8">
				<Option output="/Users/vorpal/Development/C++/fp_in_cpp/debug/src/ch02/listing2_8" prefix_auto="0" extension_auto="0"/>
				<Option working_dir="/Users/vorpal/Development/C++/fp_in_cpp/debug/src/ch02"/>
				<Option object_output="./"/>
				<Option type="1"/>
				<Option compiler="gcc"/>
				<Compiler>
					<Add directory="/usr/local/include"/>
					<Add directory="/Applications/Xcode.app/Contents/Developer/Toolchains/XcodeDefault.xctoolchain/usr/include/c++/v1"/>
					<Add directory="/Applications/Xcode.app/Contents/Developer/Toolchains/XcodeDefault.xctoolchain/usr/lib/clang/10.0.0/include"/>
					<Add directory="/Applications/Xcode.app/Contents/Developer/Toolchains/XcodeDefault.xctoolchain/usr/include"/>
					<Add directory="/System/Library/Frameworks"/>
					<Add directory="/Library/Frameworks"/>
				</Compiler>
				<MakeCommands>
					<Build command="/usr/bin/make -j8 -f &quot;/Users/vorpal/Development/C++/fp_in_cpp/debug/src/ch02/Makefile&quot;  VERBOSE=1 listing2_8"/>
					<CompileFile command="/usr/bin/make -j8 -f &quot;/Users/vorpal/Development/C++/fp_in_cpp/debug/src/ch02/Makefile&quot;  VERBOSE=1 &quot;$file&quot;"/>
					<Clean command="/usr/bin/make -j8 -f &quot;/Users/vorpal/Development/C++/fp_in_cpp/debug/src/ch02/Makefile&quot;  VERBOSE=1 clean"/>
					<DistClean command="/usr/bin/make -j8 -f &quot;/Users/vorpal/Development/C++/fp_in_cpp/debug/src/ch02/Makefile&quot;  VERBOSE=1 clean"/>
				</MakeCommands>
			</Target>
			<Target title="listing2_8/fast">
				<Option output="/Users/vorpal/Development/C++/fp_in_cpp/debug/src/ch02/listing2_8" prefix_auto="0" extension_auto="0"/>
				<Option working_dir="/Users/vorpal/Development/C++/fp_in_cpp/debug/src/ch02"/>
				<Option object_output="./"/>
				<Option type="1"/>
				<Option compiler="gcc"/>
				<Compiler>
					<Add directory="/usr/local/include"/>
					<Add directory="/Applications/Xcode.app/Contents/Developer/Toolchains/XcodeDefault.xctoolchain/usr/include/c++/v1"/>
					<Add directory="/Applications/Xcode.app/Contents/Developer/Toolchains/XcodeDefault.xctoolchain/usr/lib/clang/10.0.0/include"/>
					<Add directory="/Applications/Xcode.app/Contents/Developer/Toolchains/XcodeDefault.xctoolchain/usr/include"/>
					<Add directory="/System/Library/Frameworks"/>
					<Add directory="/Library/Frameworks"/>
				</Compiler>
				<MakeCommands>
					<Build command="/usr/bin/make -j8 -f &quot;/Users/vorpal/Development/C++/fp_in_cpp/debug/src/ch02/Makefile&quot;  VERBOSE=1 listing2_8/fast"/>
					<CompileFile command="/usr/bin/make -j8 -f &quot;/Users/vorpal/Development/C++/fp_in_cpp/debug/src/ch02/Makefile&quot;  VERBOSE=1 &quot;$file&quot;"/>
					<Clean command="/usr/bin/make -j8 -f &quot;/Users/vorpal/Development/C++/fp_in_cpp/debug/src/ch02/Makefile&quot;  VERBOSE=1 clean"/>
					<DistClean command="/usr/bin/make -j8 -f &quot;/Users/vorpal/Development/C++/fp_in_cpp/debug/src/ch02/Makefile&quot;  VERBOSE=1 clean"/>
				</MakeCommands>
			</Target>
			<Target title="listing2_7">
				<Option output="/Users/vorpal/Development/C++/fp_in_cpp/debug/src/ch02/listing2_7" prefix_auto="0" extension_auto="0"/>
				<Option working_dir="/Users/vorpal/Development/C++/fp_in_cpp/debug/src/ch02"/>
				<Option object_output="./"/>
				<Option type="1"/>
				<Option compiler="gcc"/>
				<Compiler>
					<Add directory="/usr/local/include"/>
					<Add directory="/Applications/Xcode.app/Contents/Developer/Toolchains/XcodeDefault.xctoolchain/usr/include/c++/v1"/>
					<Add directory="/Applications/Xcode.app/Contents/Developer/Toolchains/XcodeDefault.xctoolchain/usr/lib/clang/10.0.0/include"/>
					<Add directory="/Applications/Xcode.app/Contents/Developer/Toolchains/XcodeDefault.xctoolchain/usr/include"/>
					<Add directory="/System/Library/Frameworks"/>
					<Add directory="/Library/Frameworks"/>
				</Compiler>
				<MakeCommands>
					<Build command="/usr/bin/make -j8 -f &quot;/Users/vorpal/Development/C++/fp_in_cpp/debug/src/ch02/Makefile&quot;  VERBOSE=1 listing2_7"/>
					<CompileFile command="/usr/bin/make -j8 -f &quot;/Users/vorpal/Development/C++/fp_in_cpp/debug/src/ch02/Makefile&quot;  VERBOSE=1 &quot;$file&quot;"/>
					<Clean command="/usr/bin/make -j8 -f &quot;/Users/vorpal/Development/C++/fp_in_cpp/debug/src/ch02/Makefile&quot;  VERBOSE=1 clean"/>
					<DistClean command="/usr/bin/make -j8 -f &quot;/Users/vorpal/Development/C++/fp_in_cpp/debug/src/ch02/Makefile&quot;  VERBOSE=1 clean"/>
				</MakeCommands>
			</Target>
			<Target title="listing2_7/fast">
				<Option output="/Users/vorpal/Development/C++/fp_in_cpp/debug/src/ch02/listing2_7" prefix_auto="0" extension_auto="0"/>
				<Option working_dir="/Users/vorpal/Development/C++/fp_in_cpp/debug/src/ch02"/>
				<Option object_output="./"/>
				<Option type="1"/>
				<Option compiler="gcc"/>
				<Compiler>
					<Add directory="/usr/local/include"/>
					<Add directory="/Applications/Xcode.app/Contents/Developer/Toolchains/XcodeDefault.xctoolchain/usr/include/c++/v1"/>
					<Add directory="/Applications/Xcode.app/Contents/Developer/Toolchains/XcodeDefault.xctoolchain/usr/lib/clang/10.0.0/include"/>
					<Add directory="/Applications/Xcode.app/Contents/Developer/Toolchains/XcodeDefault.xctoolchain/usr/include"/>
					<Add directory="/System/Library/Frameworks"/>
					<Add directory="/Library/Frameworks"/>
				</Compiler>
				<MakeCommands>
					<Build command="/usr/bin/make -j8 -f &quot;/Users/vorpal/Development/C++/fp_in_cpp/debug/src/ch02/Makefile&quot;  VERBOSE=1 listing2_7/fast"/>
					<CompileFile command="/usr/bin/make -j8 -f &quot;/Users/vorpal/Development/C++/fp_in_cpp/debug/src/ch02/Makefile&quot;  VERBOSE=1 &quot;$file&quot;"/>
					<Clean command="/usr/bin/make -j8 -f &quot;/Users/vorpal/Development/C++/fp_in_cpp/debug/src/ch02/Makefile&quot;  VERBOSE=1 clean"/>
					<DistClean command="/usr/bin/make -j8 -f &quot;/Users/vorpal/Development/C++/fp_in_cpp/debug/src/ch02/Makefile&quot;  VERBOSE=1 clean"/>
				</MakeCommands>
			</Target>
			<Target title="listing2_2">
				<Option output="/Users/vorpal/Development/C++/fp_in_cpp/debug/src/ch02/listing2_2" prefix_auto="0" extension_auto="0"/>
				<Option working_dir="/Users/vorpal/Development/C++/fp_in_cpp/debug/src/ch02"/>
				<Option object_output="./"/>
				<Option type="1"/>
				<Option compiler="gcc"/>
				<Compiler>
					<Add directory="/usr/local/include"/>
					<Add directory="/Applications/Xcode.app/Contents/Developer/Toolchains/XcodeDefault.xctoolchain/usr/include/c++/v1"/>
					<Add directory="/Applications/Xcode.app/Contents/Developer/Toolchains/XcodeDefault.xctoolchain/usr/lib/clang/10.0.0/include"/>
					<Add directory="/Applications/Xcode.app/Contents/Developer/Toolchains/XcodeDefault.xctoolchain/usr/include"/>
					<Add directory="/System/Library/Frameworks"/>
					<Add directory="/Library/Frameworks"/>
				</Compiler>
				<MakeCommands>
					<Build command="/usr/bin/make -j8 -f &quot;/Users/vorpal/Development/C++/fp_in_cpp/debug/src/ch02/Makefile&quot;  VERBOSE=1 listing2_2"/>
					<CompileFile command="/usr/bin/make -j8 -f &quot;/Users/vorpal/Development/C++/fp_in_cpp/debug/src/ch02/Makefile&quot;  VERBOSE=1 &quot;$file&quot;"/>
					<Clean command="/usr/bin/make -j8 -f &quot;/Users/vorpal/Development/C++/fp_in_cpp/debug/src/ch02/Makefile&quot;  VERBOSE=1 clean"/>
					<DistClean command="/usr/bin/make -j8 -f &quot;/Users/vorpal/Development/C++/fp_in_cpp/debug/src/ch02/Makefile&quot;  VERBOSE=1 clean"/>
				</MakeCommands>
			</Target>
			<Target title="listing2_2/fast">
				<Option output="/Users/vorpal/Development/C++/fp_in_cpp/debug/src/ch02/listing2_2" prefix_auto="0" extension_auto="0"/>
				<Option working_dir="/Users/vorpal/Development/C++/fp_in_cpp/debug/src/ch02"/>
				<Option object_output="./"/>
				<Option type="1"/>
				<Option compiler="gcc"/>
				<Compiler>
					<Add directory="/usr/local/include"/>
					<Add directory="/Applications/Xcode.app/Contents/Developer/Toolchains/XcodeDefault.xctoolchain/usr/include/c++/v1"/>
					<Add directory="/Applications/Xcode.app/Contents/Developer/Toolchains/XcodeDefault.xctoolchain/usr/lib/clang/10.0.0/include"/>
					<Add directory="/Applications/Xcode.app/Contents/Developer/Toolchains/XcodeDefault.xctoolchain/usr/include"/>
					<Add directory="/System/Library/Frameworks"/>
					<Add directory="/Library/Frameworks"/>
				</Compiler>
				<MakeCommands>
					<Build command="/usr/bin/make -j8 -f &quot;/Users/vorpal/Development/C++/fp_in_cpp/debug/src/ch02/Makefile&quot;  VERBOSE=1 listing2_2/fast"/>
					<CompileFile command="/usr/bin/make -j8 -f &quot;/Users/vorpal/Development/C++/fp_in_cpp/debug/src/ch02/Makefile&quot;  VERBOSE=1 &quot;$file&quot;"/>
					<Clean command="/usr/bin/make -j8 -f &quot;/Users/vorpal/Development/C++/fp_in_cpp/debug/src/ch02/Makefile&quot;  VERBOSE=1 clean"/>
					<DistClean command="/usr/bin/make -j8 -f &quot;/Users/vorpal/Development/C++/fp_in_cpp/debug/src/ch02/Makefile&quot;  VERBOSE=1 clean"/>
				</MakeCommands>
			</Target>
			<Target title="listing2_3">
				<Option output="/Users/vorpal/Development/C++/fp_in_cpp/debug/src/ch02/listing2_3" prefix_auto="0" extension_auto="0"/>
				<Option working_dir="/Users/vorpal/Development/C++/fp_in_cpp/debug/src/ch02"/>
				<Option object_output="./"/>
				<Option type="1"/>
				<Option compiler="gcc"/>
				<Compiler>
					<Add directory="/usr/local/include"/>
					<Add directory="/Applications/Xcode.app/Contents/Developer/Toolchains/XcodeDefault.xctoolchain/usr/include/c++/v1"/>
					<Add directory="/Applications/Xcode.app/Contents/Developer/Toolchains/XcodeDefault.xctoolchain/usr/lib/clang/10.0.0/include"/>
					<Add directory="/Applications/Xcode.app/Contents/Developer/Toolchains/XcodeDefault.xctoolchain/usr/include"/>
					<Add directory="/System/Library/Frameworks"/>
					<Add directory="/Library/Frameworks"/>
				</Compiler>
				<MakeCommands>
					<Build command="/usr/bin/make -j8 -f &quot;/Users/vorpal/Development/C++/fp_in_cpp/debug/src/ch02/Makefile&quot;  VERBOSE=1 listing2_3"/>
					<CompileFile command="/usr/bin/make -j8 -f &quot;/Users/vorpal/Development/C++/fp_in_cpp/debug/src/ch02/Makefile&quot;  VERBOSE=1 &quot;$file&quot;"/>
					<Clean command="/usr/bin/make -j8 -f &quot;/Users/vorpal/Development/C++/fp_in_cpp/debug/src/ch02/Makefile&quot;  VERBOSE=1 clean"/>
					<DistClean command="/usr/bin/make -j8 -f &quot;/Users/vorpal/Development/C++/fp_in_cpp/debug/src/ch02/Makefile&quot;  VERBOSE=1 clean"/>
				</MakeCommands>
			</Target>
			<Target title="listing2_3/fast">
				<Option output="/Users/vorpal/Development/C++/fp_in_cpp/debug/src/ch02/listing2_3" prefix_auto="0" extension_auto="0"/>
				<Option working_dir="/Users/vorpal/Development/C++/fp_in_cpp/debug/src/ch02"/>
				<Option object_output="./"/>
				<Option type="1"/>
				<Option compiler="gcc"/>
				<Compiler>
					<Add directory="/usr/local/include"/>
					<Add directory="/Applications/Xcode.app/Contents/Developer/Toolchains/XcodeDefault.xctoolchain/usr/include/c++/v1"/>
					<Add directory="/Applications/Xcode.app/Contents/Developer/Toolchains/XcodeDefault.xctoolchain/usr/lib/clang/10.0.0/include"/>
					<Add directory="/Applications/Xcode.app/Contents/Developer/Toolchains/XcodeDefault.xctoolchain/usr/include"/>
					<Add directory="/System/Library/Frameworks"/>
					<Add directory="/Library/Frameworks"/>
				</Compiler>
				<MakeCommands>
					<Build command="/usr/bin/make -j8 -f &quot;/Users/vorpal/Development/C++/fp_in_cpp/debug/src/ch02/Makefile&quot;  VERBOSE=1 listing2_3/fast"/>
					<CompileFile command="/usr/bin/make -j8 -f &quot;/Users/vorpal/Development/C++/fp_in_cpp/debug/src/ch02/Makefile&quot;  VERBOSE=1 &quot;$file&quot;"/>
					<Clean command="/usr/bin/make -j8 -f &quot;/Users/vorpal/Development/C++/fp_in_cpp/debug/src/ch02/Makefile&quot;  VERBOSE=1 clean"/>
					<DistClean command="/usr/bin/make -j8 -f &quot;/Users/vorpal/Development/C++/fp_in_cpp/debug/src/ch02/Makefile&quot;  VERBOSE=1 clean"/>
				</MakeCommands>
			</Target>
			<Target title="listing2_12">
				<Option output="/Users/vorpal/Development/C++/fp_in_cpp/debug/src/ch02/listing2_12" prefix_auto="0" extension_auto="0"/>
				<Option working_dir="/Users/vorpal/Development/C++/fp_in_cpp/debug/src/ch02"/>
				<Option object_output="./"/>
				<Option type="1"/>
				<Option compiler="gcc"/>
				<Compiler>
					<Add directory="/usr/local/include"/>
					<Add directory="/Applications/Xcode.app/Contents/Developer/Toolchains/XcodeDefault.xctoolchain/usr/include/c++/v1"/>
					<Add directory="/Applications/Xcode.app/Contents/Developer/Toolchains/XcodeDefault.xctoolchain/usr/lib/clang/10.0.0/include"/>
					<Add directory="/Applications/Xcode.app/Contents/Developer/Toolchains/XcodeDefault.xctoolchain/usr/include"/>
					<Add directory="/System/Library/Frameworks"/>
					<Add directory="/Library/Frameworks"/>
				</Compiler>
				<MakeCommands>
					<Build command="/usr/bin/make -j8 -f &quot;/Users/vorpal/Development/C++/fp_in_cpp/debug/src/ch02/Makefile&quot;  VERBOSE=1 listing2_12"/>
					<CompileFile command="/usr/bin/make -j8 -f &quot;/Users/vorpal/Development/C++/fp_in_cpp/debug/src/ch02/Makefile&quot;  VERBOSE=1 &quot;$file&quot;"/>
					<Clean command="/usr/bin/make -j8 -f &quot;/Users/vorpal/Development/C++/fp_in_cpp/debug/src/ch02/Makefile&quot;  VERBOSE=1 clean"/>
					<DistClean command="/usr/bin/make -j8 -f &quot;/Users/vorpal/Development/C++/fp_in_cpp/debug/src/ch02/Makefile&quot;  VERBOSE=1 clean"/>
				</MakeCommands>
			</Target>
			<Target title="listing2_12/fast">
				<Option output="/Users/vorpal/Development/C++/fp_in_cpp/debug/src/ch02/listing2_12" prefix_auto="0" extension_auto="0"/>
				<Option working_dir="/Users/vorpal/Development/C++/fp_in_cpp/debug/src/ch02"/>
				<Option object_output="./"/>
				<Option type="1"/>
				<Option compiler="gcc"/>
				<Compiler>
					<Add directory="/usr/local/include"/>
					<Add directory="/Applications/Xcode.app/Contents/Developer/Toolchains/XcodeDefault.xctoolchain/usr/include/c++/v1"/>
					<Add directory="/Applications/Xcode.app/Contents/Developer/Toolchains/XcodeDefault.xctoolchain/usr/lib/clang/10.0.0/include"/>
					<Add directory="/Applications/Xcode.app/Contents/Developer/Toolchains/XcodeDefault.xctoolchain/usr/include"/>
					<Add directory="/System/Library/Frameworks"/>
					<Add directory="/Library/Frameworks"/>
				</Compiler>
				<MakeCommands>
					<Build command="/usr/bin/make -j8 -f &quot;/Users/vorpal/Development/C++/fp_in_cpp/debug/src/ch02/Makefile&quot;  VERBOSE=1 listing2_12/fast"/>
					<CompileFile command="/usr/bin/make -j8 -f &quot;/Users/vorpal/Development/C++/fp_in_cpp/debug/src/ch02/Makefile&quot;  VERBOSE=1 &quot;$file&quot;"/>
					<Clean command="/usr/bin/make -j8 -f &quot;/Users/vorpal/Development/C++/fp_in_cpp/debug/src/ch02/Makefile&quot;  VERBOSE=1 clean"/>
					<DistClean command="/usr/bin/make -j8 -f &quot;/Users/vorpal/Development/C++/fp_in_cpp/debug/src/ch02/Makefile&quot;  VERBOSE=1 clean"/>
				</MakeCommands>
			</Target>
			<Target title="listing2_5">
				<Option output="/Users/vorpal/Development/C++/fp_in_cpp/debug/src/ch02/listing2_5" prefix_auto="0" extension_auto="0"/>
				<Option working_dir="/Users/vorpal/Development/C++/fp_in_cpp/debug/src/ch02"/>
				<Option object_output="./"/>
				<Option type="1"/>
				<Option compiler="gcc"/>
				<Compiler>
					<Add directory="/usr/local/include"/>
					<Add directory="/Applications/Xcode.app/Contents/Developer/Toolchains/XcodeDefault.xctoolchain/usr/include/c++/v1"/>
					<Add directory="/Applications/Xcode.app/Contents/Developer/Toolchains/XcodeDefault.xctoolchain/usr/lib/clang/10.0.0/include"/>
					<Add directory="/Applications/Xcode.app/Contents/Developer/Toolchains/XcodeDefault.xctoolchain/usr/include"/>
					<Add directory="/System/Library/Frameworks"/>
					<Add directory="/Library/Frameworks"/>
				</Compiler>
				<MakeCommands>
					<Build command="/usr/bin/make -j8 -f &quot;/Users/vorpal/Development/C++/fp_in_cpp/debug/src/ch02/Makefile&quot;  VERBOSE=1 listing2_5"/>
					<CompileFile command="/usr/bin/make -j8 -f &quot;/Users/vorpal/Development/C++/fp_in_cpp/debug/src/ch02/Makefile&quot;  VERBOSE=1 &quot;$file&quot;"/>
					<Clean command="/usr/bin/make -j8 -f &quot;/Users/vorpal/Development/C++/fp_in_cpp/debug/src/ch02/Makefile&quot;  VERBOSE=1 clean"/>
					<DistClean command="/usr/bin/make -j8 -f &quot;/Users/vorpal/Development/C++/fp_in_cpp/debug/src/ch02/Makefile&quot;  VERBOSE=1 clean"/>
				</MakeCommands>
			</Target>
			<Target title="listing2_5/fast">
				<Option output="/Users/vorpal/Development/C++/fp_in_cpp/debug/src/ch02/listing2_5" prefix_auto="0" extension_auto="0"/>
				<Option working_dir="/Users/vorpal/Development/C++/fp_in_cpp/debug/src/ch02"/>
				<Option object_output="./"/>
				<Option type="1"/>
				<Option compiler="gcc"/>
				<Compiler>
					<Add directory="/usr/local/include"/>
					<Add directory="/Applications/Xcode.app/Contents/Developer/Toolchains/XcodeDefault.xctoolchain/usr/include/c++/v1"/>
					<Add directory="/Applications/Xcode.app/Contents/Developer/Toolchains/XcodeDefault.xctoolchain/usr/lib/clang/10.0.0/include"/>
					<Add directory="/Applications/Xcode.app/Contents/Developer/Toolchains/XcodeDefault.xctoolchain/usr/include"/>
					<Add directory="/System/Library/Frameworks"/>
					<Add directory="/Library/Frameworks"/>
				</Compiler>
				<MakeCommands>
					<Build command="/usr/bin/make -j8 -f &quot;/Users/vorpal/Development/C++/fp_in_cpp/debug/src/ch02/Makefile&quot;  VERBOSE=1 listing2_5/fast"/>
					<CompileFile command="/usr/bin/make -j8 -f &quot;/Users/vorpal/Development/C++/fp_in_cpp/debug/src/ch02/Makefile&quot;  VERBOSE=1 &quot;$file&quot;"/>
					<Clean command="/usr/bin/make -j8 -f &quot;/Users/vorpal/Development/C++/fp_in_cpp/debug/src/ch02/Makefile&quot;  VERBOSE=1 clean"/>
					<DistClean command="/usr/bin/make -j8 -f &quot;/Users/vorpal/Development/C++/fp_in_cpp/debug/src/ch02/Makefile&quot;  VERBOSE=1 clean"/>
				</MakeCommands>
			</Target>
			<Target title="listing2_4">
				<Option output="/Users/vorpal/Development/C++/fp_in_cpp/debug/src/ch02/listing2_4" prefix_auto="0" extension_auto="0"/>
				<Option working_dir="/Users/vorpal/Development/C++/fp_in_cpp/debug/src/ch02"/>
				<Option object_output="./"/>
				<Option type="1"/>
				<Option compiler="gcc"/>
				<Compiler>
					<Add directory="/usr/local/include"/>
					<Add directory="/Applications/Xcode.app/Contents/Developer/Toolchains/XcodeDefault.xctoolchain/usr/include/c++/v1"/>
					<Add directory="/Applications/Xcode.app/Contents/Developer/Toolchains/XcodeDefault.xctoolchain/usr/lib/clang/10.0.0/include"/>
					<Add directory="/Applications/Xcode.app/Contents/Developer/Toolchains/XcodeDefault.xctoolchain/usr/include"/>
					<Add directory="/System/Library/Frameworks"/>
					<Add directory="/Library/Frameworks"/>
				</Compiler>
				<MakeCommands>
					<Build command="/usr/bin/make -j8 -f &quot;/Users/vorpal/Development/C++/fp_in_cpp/debug/src/ch02/Makefile&quot;  VERBOSE=1 listing2_4"/>
					<CompileFile command="/usr/bin/make -j8 -f &quot;/Users/vorpal/Development/C++/fp_in_cpp/debug/src/ch02/Makefile&quot;  VERBOSE=1 &quot;$file&quot;"/>
					<Clean command="/usr/bin/make -j8 -f &quot;/Users/vorpal/Development/C++/fp_in_cpp/debug/src/ch02/Makefile&quot;  VERBOSE=1 clean"/>
					<DistClean command="/usr/bin/make -j8 -f &quot;/Users/vorpal/Development/C++/fp_in_cpp/debug/src/ch02/Makefile&quot;  VERBOSE=1 clean"/>
				</MakeCommands>
			</Target>
			<Target title="listing2_4/fast">
				<Option output="/Users/vorpal/Development/C++/fp_in_cpp/debug/src/ch02/listing2_4" prefix_auto="0" extension_auto="0"/>
				<Option working_dir="/Users/vorpal/Development/C++/fp_in_cpp/debug/src/ch02"/>
				<Option object_output="./"/>
				<Option type="1"/>
				<Option compiler="gcc"/>
				<Compiler>
					<Add directory="/usr/local/include"/>
					<Add directory="/Applications/Xcode.app/Contents/Developer/Toolchains/XcodeDefault.xctoolchain/usr/include/c++/v1"/>
					<Add directory="/Applications/Xcode.app/Contents/Developer/Toolchains/XcodeDefault.xctoolchain/usr/lib/clang/10.0.0/include"/>
					<Add directory="/Applications/Xcode.app/Contents/Developer/Toolchains/XcodeDefault.xctoolchain/usr/include"/>
					<Add directory="/System/Library/Frameworks"/>
					<Add directory="/Library/Frameworks"/>
				</Compiler>
				<MakeCommands>
					<Build command="/usr/bin/make -j8 -f &quot;/Users/vorpal/Development/C++/fp_in_cpp/debug/src/ch02/Makefile&quot;  VERBOSE=1 listing2_4/fast"/>
					<CompileFile command="/usr/bin/make -j8 -f &quot;/Users/vorpal/Development/C++/fp_in_cpp/debug/src/ch02/Makefile&quot;  VERBOSE=1 &quot;$file&quot;"/>
					<Clean command="/usr/bin/make -j8 -f &quot;/Users/vorpal/Development/C++/fp_in_cpp/debug/src/ch02/Makefile&quot;  VERBOSE=1 clean"/>
					<DistClean command="/usr/bin/make -j8 -f &quot;/Users/vorpal/Development/C++/fp_in_cpp/debug/src/ch02/Makefile&quot;  VERBOSE=1 clean"/>
				</MakeCommands>
			</Target>
			<Target title="listing2_10">
				<Option output="/Users/vorpal/Development/C++/fp_in_cpp/debug/src/ch02/listing2_10" prefix_auto="0" extension_auto="0"/>
				<Option working_dir="/Users/vorpal/Development/C++/fp_in_cpp/debug/src/ch02"/>
				<Option object_output="./"/>
				<Option type="1"/>
				<Option compiler="gcc"/>
				<Compiler>
					<Add directory="/usr/local/include"/>
					<Add directory="/Applications/Xcode.app/Contents/Developer/Toolchains/XcodeDefault.xctoolchain/usr/include/c++/v1"/>
					<Add directory="/Applications/Xcode.app/Contents/Developer/Toolchains/XcodeDefault.xctoolchain/usr/lib/clang/10.0.0/include"/>
					<Add directory="/Applications/Xcode.app/Contents/Developer/Toolchains/XcodeDefault.xctoolchain/usr/include"/>
					<Add directory="/System/Library/Frameworks"/>
					<Add directory="/Library/Frameworks"/>
				</Compiler>
				<MakeCommands>
					<Build command="/usr/bin/make -j8 -f &quot;/Users/vorpal/Development/C++/fp_in_cpp/debug/src/ch02/Makefile&quot;  VERBOSE=1 listing2_10"/>
					<CompileFile command="/usr/bin/make -j8 -f &quot;/Users/vorpal/Development/C++/fp_in_cpp/debug/src/ch02/Makefile&quot;  VERBOSE=1 &quot;$file&quot;"/>
					<Clean command="/usr/bin/make -j8 -f &quot;/Users/vorpal/Development/C++/fp_in_cpp/debug/src/ch02/Makefile&quot;  VERBOSE=1 clean"/>
					<DistClean command="/usr/bin/make -j8 -f &quot;/Users/vorpal/Development/C++/fp_in_cpp/debug/src/ch02/Makefile&quot;  VERBOSE=1 clean"/>
				</MakeCommands>
			</Target>
			<Target title="listing2_10/fast">
				<Option output="/Users/vorpal/Development/C++/fp_in_cpp/debug/src/ch02/listing2_10" prefix_auto="0" extension_auto="0"/>
				<Option working_dir="/Users/vorpal/Development/C++/fp_in_cpp/debug/src/ch02"/>
				<Option object_output="./"/>
				<Option type="1"/>
				<Option compiler="gcc"/>
				<Compiler>
					<Add directory="/usr/local/include"/>
					<Add directory="/Applications/Xcode.app/Contents/Developer/Toolchains/XcodeDefault.xctoolchain/usr/include/c++/v1"/>
					<Add directory="/Applications/Xcode.app/Contents/Developer/Toolchains/XcodeDefault.xctoolchain/usr/lib/clang/10.0.0/include"/>
					<Add directory="/Applications/Xcode.app/Contents/Developer/Toolchains/XcodeDefault.xctoolchain/usr/include"/>
					<Add directory="/System/Library/Frameworks"/>
					<Add directory="/Library/Frameworks"/>
				</Compiler>
				<MakeCommands>
					<Build command="/usr/bin/make -j8 -f &quot;/Users/vorpal/Development/C++/fp_in_cpp/debug/src/ch02/Makefile&quot;  VERBOSE=1 listing2_10/fast"/>
					<CompileFile command="/usr/bin/make -j8 -f &quot;/Users/vorpal/Development/C++/fp_in_cpp/debug/src/ch02/Makefile&quot;  VERBOSE=1 &quot;$file&quot;"/>
					<Clean command="/usr/bin/make -j8 -f &quot;/Users/vorpal/Development/C++/fp_in_cpp/debug/src/ch02/Makefile&quot;  VERBOSE=1 clean"/>
					<DistClean command="/usr/bin/make -j8 -f &quot;/Users/vorpal/Development/C++/fp_in_cpp/debug/src/ch02/Makefile&quot;  VERBOSE=1 clean"/>
				</MakeCommands>
			</Target>
			<Target title="listing2_1">
				<Option output="/Users/vorpal/Development/C++/fp_in_cpp/debug/src/ch02/listing2_1" prefix_auto="0" extension_auto="0"/>
				<Option working_dir="/Users/vorpal/Development/C++/fp_in_cpp/debug/src/ch02"/>
				<Option object_output="./"/>
				<Option type="1"/>
				<Option compiler="gcc"/>
				<Compiler>
					<Add directory="/usr/local/include"/>
					<Add directory="/Applications/Xcode.app/Contents/Developer/Toolchains/XcodeDefault.xctoolchain/usr/include/c++/v1"/>
					<Add directory="/Applications/Xcode.app/Contents/Developer/Toolchains/XcodeDefault.xctoolchain/usr/lib/clang/10.0.0/include"/>
					<Add directory="/Applications/Xcode.app/Contents/Developer/Toolchains/XcodeDefault.xctoolchain/usr/include"/>
					<Add directory="/System/Library/Frameworks"/>
					<Add directory="/Library/Frameworks"/>
				</Compiler>
				<MakeCommands>
					<Build command="/usr/bin/make -j8 -f &quot;/Users/vorpal/Development/C++/fp_in_cpp/debug/src/ch02/Makefile&quot;  VERBOSE=1 listing2_1"/>
					<CompileFile command="/usr/bin/make -j8 -f &quot;/Users/vorpal/Development/C++/fp_in_cpp/debug/src/ch02/Makefile&quot;  VERBOSE=1 &quot;$file&quot;"/>
					<Clean command="/usr/bin/make -j8 -f &quot;/Users/vorpal/Development/C++/fp_in_cpp/debug/src/ch02/Makefile&quot;  VERBOSE=1 clean"/>
					<DistClean command="/usr/bin/make -j8 -f &quot;/Users/vorpal/Development/C++/fp_in_cpp/debug/src/ch02/Makefile&quot;  VERBOSE=1 clean"/>
				</MakeCommands>
			</Target>
			<Target title="listing2_1/fast">
				<Option output="/Users/vorpal/Development/C++/fp_in_cpp/debug/src/ch02/listing2_1" prefix_auto="0" extension_auto="0"/>
				<Option working_dir="/Users/vorpal/Development/C++/fp_in_cpp/debug/src/ch02"/>
				<Option object_output="./"/>
				<Option type="1"/>
				<Option compiler="gcc"/>
				<Compiler>
					<Add directory="/usr/local/include"/>
					<Add directory="/Applications/Xcode.app/Contents/Developer/Toolchains/XcodeDefault.xctoolchain/usr/include/c++/v1"/>
					<Add directory="/Applications/Xcode.app/Contents/Developer/Toolchains/XcodeDefault.xctoolchain/usr/lib/clang/10.0.0/include"/>
					<Add directory="/Applications/Xcode.app/Contents/Developer/Toolchains/XcodeDefault.xctoolchain/usr/include"/>
					<Add directory="/System/Library/Frameworks"/>
					<Add directory="/Library/Frameworks"/>
				</Compiler>
				<MakeCommands>
					<Build command="/usr/bin/make -j8 -f &quot;/Users/vorpal/Development/C++/fp_in_cpp/debug/src/ch02/Makefile&quot;  VERBOSE=1 listing2_1/fast"/>
					<CompileFile command="/usr/bin/make -j8 -f &quot;/Users/vorpal/Development/C++/fp_in_cpp/debug/src/ch02/Makefile&quot;  VERBOSE=1 &quot;$file&quot;"/>
					<Clean command="/usr/bin/make -j8 -f &quot;/Users/vorpal/Development/C++/fp_in_cpp/debug/src/ch02/Makefile&quot;  VERBOSE=1 clean"/>
					<DistClean command="/usr/bin/make -j8 -f &quot;/Users/vorpal/Development/C++/fp_in_cpp/debug/src/ch02/Makefile&quot;  VERBOSE=1 clean"/>
				</MakeCommands>
			</Target>
			<Target title="listing3_2">
				<Option output="/Users/vorpal/Development/C++/fp_in_cpp/debug/src/ch03/listing3_2" prefix_auto="0" extension_auto="0"/>
				<Option working_dir="/Users/vorpal/Development/C++/fp_in_cpp/debug/src/ch03"/>
				<Option object_output="./"/>
				<Option type="1"/>
				<Option compiler="gcc"/>
				<Compiler>
					<Add directory="/usr/local/include"/>
					<Add directory="/Applications/Xcode.app/Contents/Developer/Toolchains/XcodeDefault.xctoolchain/usr/include/c++/v1"/>
					<Add directory="/Applications/Xcode.app/Contents/Developer/Toolchains/XcodeDefault.xctoolchain/usr/lib/clang/10.0.0/include"/>
					<Add directory="/Applications/Xcode.app/Contents/Developer/Toolchains/XcodeDefault.xctoolchain/usr/include"/>
					<Add directory="/System/Library/Frameworks"/>
					<Add directory="/Library/Frameworks"/>
				</Compiler>
				<MakeCommands>
					<Build command="/usr/bin/make -j8 -f &quot;/Users/vorpal/Development/C++/fp_in_cpp/debug/src/ch03/Makefile&quot;  VERBOSE=1 listing3_2"/>
					<CompileFile command="/usr/bin/make -j8 -f &quot;/Users/vorpal/Development/C++/fp_in_cpp/debug/src/ch03/Makefile&quot;  VERBOSE=1 &quot;$file&quot;"/>
					<Clean command="/usr/bin/make -j8 -f &quot;/Users/vorpal/Development/C++/fp_in_cpp/debug/src/ch03/Makefile&quot;  VERBOSE=1 clean"/>
					<DistClean command="/usr/bin/make -j8 -f &quot;/Users/vorpal/Development/C++/fp_in_cpp/debug/src/ch03/Makefile&quot;  VERBOSE=1 clean"/>
				</MakeCommands>
			</Target>
			<Target title="listing3_2/fast">
				<Option output="/Users/vorpal/Development/C++/fp_in_cpp/debug/src/ch03/listing3_2" prefix_auto="0" extension_auto="0"/>
				<Option working_dir="/Users/vorpal/Development/C++/fp_in_cpp/debug/src/ch03"/>
				<Option object_output="./"/>
				<Option type="1"/>
				<Option compiler="gcc"/>
				<Compiler>
					<Add directory="/usr/local/include"/>
					<Add directory="/Applications/Xcode.app/Contents/Developer/Toolchains/XcodeDefault.xctoolchain/usr/include/c++/v1"/>
					<Add directory="/Applications/Xcode.app/Contents/Developer/Toolchains/XcodeDefault.xctoolchain/usr/lib/clang/10.0.0/include"/>
					<Add directory="/Applications/Xcode.app/Contents/Developer/Toolchains/XcodeDefault.xctoolchain/usr/include"/>
					<Add directory="/System/Library/Frameworks"/>
					<Add directory="/Library/Frameworks"/>
				</Compiler>
				<MakeCommands>
					<Build command="/usr/bin/make -j8 -f &quot;/Users/vorpal/Development/C++/fp_in_cpp/debug/src/ch03/Makefile&quot;  VERBOSE=1 listing3_2/fast"/>
					<CompileFile command="/usr/bin/make -j8 -f &quot;/Users/vorpal/Development/C++/fp_in_cpp/debug/src/ch03/Makefile&quot;  VERBOSE=1 &quot;$file&quot;"/>
					<Clean command="/usr/bin/make -j8 -f &quot;/Users/vorpal/Development/C++/fp_in_cpp/debug/src/ch03/Makefile&quot;  VERBOSE=1 clean"/>
					<DistClean command="/usr/bin/make -j8 -f &quot;/Users/vorpal/Development/C++/fp_in_cpp/debug/src/ch03/Makefile&quot;  VERBOSE=1 clean"/>
				</MakeCommands>
			</Target>
			<Target title="listing3_6">
				<Option output="/Users/vorpal/Development/C++/fp_in_cpp/debug/src/ch03/listing3_6" prefix_auto="0" extension_auto="0"/>
				<Option working_dir="/Users/vorpal/Development/C++/fp_in_cpp/debug/src/ch03"/>
				<Option object_output="./"/>
				<Option type="1"/>
				<Option compiler="gcc"/>
				<Compiler>
					<Add directory="/usr/local/include"/>
					<Add directory="/Applications/Xcode.app/Contents/Developer/Toolchains/XcodeDefault.xctoolchain/usr/include/c++/v1"/>
					<Add directory="/Applications/Xcode.app/Contents/Developer/Toolchains/XcodeDefault.xctoolchain/usr/lib/clang/10.0.0/include"/>
					<Add directory="/Applications/Xcode.app/Contents/Developer/Toolchains/XcodeDefault.xctoolchain/usr/include"/>
					<Add directory="/System/Library/Frameworks"/>
					<Add directory="/Library/Frameworks"/>
				</Compiler>
				<MakeCommands>
					<Build command="/usr/bin/make -j8 -f &quot;/Users/vorpal/Development/C++/fp_in_cpp/debug/src/ch03/Makefile&quot;  VERBOSE=1 listing3_6"/>
					<CompileFile command="/usr/bin/make -j8 -f &quot;/Users/vorpal/Development/C++/fp_in_cpp/debug/src/ch03/Makefile&quot;  VERBOSE=1 &quot;$file&quot;"/>
					<Clean command="/usr/bin/make -j8 -f &quot;/Users/vorpal/Development/C++/fp_in_cpp/debug/src/ch03/Makefile&quot;  VERBOSE=1 clean"/>
					<DistClean command="/usr/bin/make -j8 -f &quot;/Users/vorpal/Development/C++/fp_in_cpp/debug/src/ch03/Makefile&quot;  VERBOSE=1 clean"/>
				</MakeCommands>
			</Target>
			<Target title="listing3_6/fast">
				<Option output="/Users/vorpal/Development/C++/fp_in_cpp/debug/src/ch03/listing3_6" prefix_auto="0" extension_auto="0"/>
				<Option working_dir="/Users/vorpal/Development/C++/fp_in_cpp/debug/src/ch03"/>
				<Option object_output="./"/>
				<Option type="1"/>
				<Option compiler="gcc"/>
				<Compiler>
					<Add directory="/usr/local/include"/>
					<Add directory="/Applications/Xcode.app/Contents/Developer/Toolchains/XcodeDefault.xctoolchain/usr/include/c++/v1"/>
					<Add directory="/Applications/Xcode.app/Contents/Developer/Toolchains/XcodeDefault.xctoolchain/usr/lib/clang/10.0.0/include"/>
					<Add directory="/Applications/Xcode.app/Contents/Developer/Toolchains/XcodeDefault.xctoolchain/usr/include"/>
					<Add directory="/System/Library/Frameworks"/>
					<Add directory="/Library/Frameworks"/>
				</Compiler>
				<MakeCommands>
					<Build command="/usr/bin/make -j8 -f &quot;/Users/vorpal/Development/C++/fp_in_cpp/debug/src/ch03/Makefile&quot;  VERBOSE=1 listing3_6/fast"/>
					<CompileFile command="/usr/bin/make -j8 -f &quot;/Users/vorpal/Development/C++/fp_in_cpp/debug/src/ch03/Makefile&quot;  VERBOSE=1 &quot;$file&quot;"/>
					<Clean command="/usr/bin/make -j8 -f &quot;/Users/vorpal/Development/C++/fp_in_cpp/debug/src/ch03/Makefile&quot;  VERBOSE=1 clean"/>
					<DistClean command="/usr/bin/make -j8 -f &quot;/Users/vorpal/Development/C++/fp_in_cpp/debug/src/ch03/Makefile&quot;  VERBOSE=1 clean"/>
				</MakeCommands>
			</Target>
			<Target title="listing3_5">
				<Option output="/Users/vorpal/Development/C++/fp_in_cpp/debug/src/ch03/listing3_5" prefix_auto="0" extension_auto="0"/>
				<Option working_dir="/Users/vorpal/Development/C++/fp_in_cpp/debug/src/ch03"/>
				<Option object_output="./"/>
				<Option type="1"/>
				<Option compiler="gcc"/>
				<Compiler>
					<Add directory="/usr/local/include"/>
					<Add directory="/Applications/Xcode.app/Contents/Developer/Toolchains/XcodeDefault.xctoolchain/usr/include/c++/v1"/>
					<Add directory="/Applications/Xcode.app/Contents/Developer/Toolchains/XcodeDefault.xctoolchain/usr/lib/clang/10.0.0/include"/>
					<Add directory="/Applications/Xcode.app/Contents/Developer/Toolchains/XcodeDefault.xctoolchain/usr/include"/>
					<Add directory="/System/Library/Frameworks"/>
					<Add directory="/Library/Frameworks"/>
				</Compiler>
				<MakeCommands>
					<Build command="/usr/bin/make -j8 -f &quot;/Users/vorpal/Development/C++/fp_in_cpp/debug/src/ch03/Makefile&quot;  VERBOSE=1 listing3_5"/>
					<CompileFile command="/usr/bin/make -j8 -f &quot;/Users/vorpal/Development/C++/fp_in_cpp/debug/src/ch03/Makefile&quot;  VERBOSE=1 &quot;$file&quot;"/>
					<Clean command="/usr/bin/make -j8 -f &quot;/Users/vorpal/Development/C++/fp_in_cpp/debug/src/ch03/Makefile&quot;  VERBOSE=1 clean"/>
					<DistClean command="/usr/bin/make -j8 -f &quot;/Users/vorpal/Development/C++/fp_in_cpp/debug/src/ch03/Makefile&quot;  VERBOSE=1 clean"/>
				</MakeCommands>
			</Target>
			<Target title="listing3_5/fast">
				<Option output="/Users/vorpal/Development/C++/fp_in_cpp/debug/src/ch03/listing3_5" prefix_auto="0" extension_auto="0"/>
				<Option working_dir="/Users/vorpal/Development/C++/fp_in_cpp/debug/src/ch03"/>
				<Option object_output="./"/>
				<Option type="1"/>
				<Option compiler="gcc"/>
				<Compiler>
					<Add directory="/usr/local/include"/>
					<Add directory="/Applications/Xcode.app/Contents/Developer/Toolchains/XcodeDefault.xctoolchain/usr/include/c++/v1"/>
					<Add directory="/Applications/Xcode.app/Contents/Developer/Toolchains/XcodeDefault.xctoolchain/usr/lib/clang/10.0.0/include"/>
					<Add directory="/Applications/Xcode.app/Contents/Developer/Toolchains/XcodeDefault.xctoolchain/usr/include"/>
					<Add directory="/System/Library/Frameworks"/>
					<Add directory="/Library/Frameworks"/>
				</Compiler>
				<MakeCommands>
					<Build command="/usr/bin/make -j8 -f &quot;/Users/vorpal/Development/C++/fp_in_cpp/debug/src/ch03/Makefile&quot;  VERBOSE=1 listing3_5/fast"/>
					<CompileFile command="/usr/bin/make -j8 -f &quot;/Users/vorpal/Development/C++/fp_in_cpp/debug/src/ch03/Makefile&quot;  VERBOSE=1 &quot;$file&quot;"/>
					<Clean command="/usr/bin/make -j8 -f &quot;/Users/vorpal/Development/C++/fp_in_cpp/debug/src/ch03/Makefile&quot;  VERBOSE=1 clean"/>
					<DistClean command="/usr/bin/make -j8 -f &quot;/Users/vorpal/Development/C++/fp_in_cpp/debug/src/ch03/Makefile&quot;  VERBOSE=1 clean"/>
				</MakeCommands>
			</Target>
			<Target title="listing3_1">
				<Option output="/Users/vorpal/Development/C++/fp_in_cpp/debug/src/ch03/listing3_1" prefix_auto="0" extension_auto="0"/>
				<Option working_dir="/Users/vorpal/Development/C++/fp_in_cpp/debug/src/ch03"/>
				<Option object_output="./"/>
				<Option type="1"/>
				<Option compiler="gcc"/>
				<Compiler>
					<Add directory="/usr/local/include"/>
					<Add directory="/Applications/Xcode.app/Contents/Developer/Toolchains/XcodeDefault.xctoolchain/usr/include/c++/v1"/>
					<Add directory="/Applications/Xcode.app/Contents/Developer/Toolchains/XcodeDefault.xctoolchain/usr/lib/clang/10.0.0/include"/>
					<Add directory="/Applications/Xcode.app/Contents/Developer/Toolchains/XcodeDefault.xctoolchain/usr/include"/>
					<Add directory="/System/Library/Frameworks"/>
					<Add directory="/Library/Frameworks"/>
				</Compiler>
				<MakeCommands>
					<Build command="/usr/bin/make -j8 -f &quot;/Users/vorpal/Development/C++/fp_in_cpp/debug/src/ch03/Makefile&quot;  VERBOSE=1 listing3_1"/>
					<CompileFile command="/usr/bin/make -j8 -f &quot;/Users/vorpal/Development/C++/fp_in_cpp/debug/src/ch03/Makefile&quot;  VERBOSE=1 &quot;$file&quot;"/>
					<Clean command="/usr/bin/make -j8 -f &quot;/Users/vorpal/Development/C++/fp_in_cpp/debug/src/ch03/Makefile&quot;  VERBOSE=1 clean"/>
					<DistClean command="/usr/bin/make -j8 -f &quot;/Users/vorpal/Development/C++/fp_in_cpp/debug/src/ch03/Makefile&quot;  VERBOSE=1 clean"/>
				</MakeCommands>
			</Target>
			<Target title="listing3_1/fast">
				<Option output="/Users/vorpal/Development/C++/fp_in_cpp/debug/src/ch03/listing3_1" prefix_auto="0" extension_auto="0"/>
				<Option working_dir="/Users/vorpal/Development/C++/fp_in_cpp/debug/src/ch03"/>
				<Option object_output="./"/>
				<Option type="1"/>
				<Option compiler="gcc"/>
				<Compiler>
					<Add directory="/usr/local/include"/>
					<Add directory="/Applications/Xcode.app/Contents/Developer/Toolchains/XcodeDefault.xctoolchain/usr/include/c++/v1"/>
					<Add directory="/Applications/Xcode.app/Contents/Developer/Toolchains/XcodeDefault.xctoolchain/usr/lib/clang/10.0.0/include"/>
					<Add directory="/Applications/Xcode.app/Contents/Developer/Toolchains/XcodeDefault.xctoolchain/usr/include"/>
					<Add directory="/System/Library/Frameworks"/>
					<Add directory="/Library/Frameworks"/>
				</Compiler>
				<MakeCommands>
					<Build command="/usr/bin/make -j8 -f &quot;/Users/vorpal/Development/C++/fp_in_cpp/debug/src/ch03/Makefile&quot;  VERBOSE=1 listing3_1/fast"/>
					<CompileFile command="/usr/bin/make -j8 -f &quot;/Users/vorpal/Development/C++/fp_in_cpp/debug/src/ch03/Makefile&quot;  VERBOSE=1 &quot;$file&quot;"/>
					<Clean command="/usr/bin/make -j8 -f &quot;/Users/vorpal/Development/C++/fp_in_cpp/debug/src/ch03/Makefile&quot;  VERBOSE=1 clean"/>
					<DistClean command="/usr/bin/make -j8 -f &quot;/Users/vorpal/Development/C++/fp_in_cpp/debug/src/ch03/Makefile&quot;  VERBOSE=1 clean"/>
				</MakeCommands>
			</Target>
			<Target title="prelude">
				<Option output="/Users/vorpal/Development/C++/fp_in_cpp/debug/src/ch03/prelude" prefix_auto="0" extension_auto="0"/>
				<Option working_dir="/Users/vorpal/Development/C++/fp_in_cpp/debug/src/ch03"/>
				<Option object_output="./"/>
				<Option type="1"/>
				<Option compiler="gcc"/>
				<Compiler>
					<Add directory="/usr/local/include"/>
					<Add directory="/Applications/Xcode.app/Contents/Developer/Toolchains/XcodeDefault.xctoolchain/usr/include/c++/v1"/>
					<Add directory="/Applications/Xcode.app/Contents/Developer/Toolchains/XcodeDefault.xctoolchain/usr/lib/clang/10.0.0/include"/>
					<Add directory="/Applications/Xcode.app/Contents/Developer/Toolchains/XcodeDefault.xctoolchain/usr/include"/>
					<Add directory="/System/Library/Frameworks"/>
					<Add directory="/Library/Frameworks"/>
				</Compiler>
				<MakeCommands>
					<Build command="/usr/bin/make -j8 -f &quot;/Users/vorpal/Development/C++/fp_in_cpp/debug/src/ch03/Makefile&quot;  VERBOSE=1 prelude"/>
					<CompileFile command="/usr/bin/make -j8 -f &quot;/Users/vorpal/Development/C++/fp_in_cpp/debug/src/ch03/Makefile&quot;  VERBOSE=1 &quot;$file&quot;"/>
					<Clean command="/usr/bin/make -j8 -f &quot;/Users/vorpal/Development/C++/fp_in_cpp/debug/src/ch03/Makefile&quot;  VERBOSE=1 clean"/>
					<DistClean command="/usr/bin/make -j8 -f &quot;/Users/vorpal/Development/C++/fp_in_cpp/debug/src/ch03/Makefile&quot;  VERBOSE=1 clean"/>
				</MakeCommands>
			</Target>
			<Target title="prelude/fast">
				<Option output="/Users/vorpal/Development/C++/fp_in_cpp/debug/src/ch03/prelude" prefix_auto="0" extension_auto="0"/>
				<Option working_dir="/Users/vorpal/Development/C++/fp_in_cpp/debug/src/ch03"/>
				<Option object_output="./"/>
				<Option type="1"/>
				<Option compiler="gcc"/>
				<Compiler>
					<Add directory="/usr/local/include"/>
					<Add directory="/Applications/Xcode.app/Contents/Developer/Toolchains/XcodeDefault.xctoolchain/usr/include/c++/v1"/>
					<Add directory="/Applications/Xcode.app/Contents/Developer/Toolchains/XcodeDefault.xctoolchain/usr/lib/clang/10.0.0/include"/>
					<Add directory="/Applications/Xcode.app/Contents/Developer/Toolchains/XcodeDefault.xctoolchain/usr/include"/>
					<Add directory="/System/Library/Frameworks"/>
					<Add directory="/Library/Frameworks"/>
				</Compiler>
				<MakeCommands>
					<Build command="/usr/bin/make -j8 -f &quot;/Users/vorpal/Development/C++/fp_in_cpp/debug/src/ch03/Makefile&quot;  VERBOSE=1 prelude/fast"/>
					<CompileFile command="/usr/bin/make -j8 -f &quot;/Users/vorpal/Development/C++/fp_in_cpp/debug/src/ch03/Makefile&quot;  VERBOSE=1 &quot;$file&quot;"/>
					<Clean command="/usr/bin/make -j8 -f &quot;/Users/vorpal/Development/C++/fp_in_cpp/debug/src/ch03/Makefile&quot;  VERBOSE=1 clean"/>
					<DistClean command="/usr/bin/make -j8 -f &quot;/Users/vorpal/Development/C++/fp_in_cpp/debug/src/ch03/Makefile&quot;  VERBOSE=1 clean"/>
				</MakeCommands>
			</Target>
		</Build>
		<Unit filename="/Users/vorpal/Development/C++/fp_in_cpp/src/ch01/listing1_1.cpp">
			<Option target="listing1_1"/>
		</Unit>
		<Unit filename="/Users/vorpal/Development/C++/fp_in_cpp/src/ch01/listing1_2.cpp">
			<Option target="listing1_2"/>
		</Unit>
		<Unit filename="/Users/vorpal/Development/C++/fp_in_cpp/src/ch01/listing1_4.cpp">
			<Option target="listing1_4"/>
		</Unit>
		<Unit filename="/Users/vorpal/Development/C++/fp_in_cpp/src/ch01/listing1_5.cpp">
			<Option target="listing1_5"/>
		</Unit>
		<Unit filename="/Users/vorpal/Development/C++/fp_in_cpp/src/ch01/people.cpp">
			<Option target="people"/>
		</Unit>
		<Unit filename="/Users/vorpal/Development/C++/fp_in_cpp/src/ch02/listing2_1.cpp">
			<Option target="listing2_1"/>
		</Unit>
		<Unit filename="/Users/vorpal/Development/C++/fp_in_cpp/src/ch02/listing2_10.cpp">
			<Option target="listing2_10"/>
		</Unit>
		<Unit filename="/Users/vorpal/Development/C++/fp_in_cpp/src/ch02/listing2_11.cpp">
			<Option target="listing2_11"/>
		</Unit>
		<Unit filename="/Users/vorpal/Development/C++/fp_in_cpp/src/ch02/listing2_12.cpp">
			<Option target="listing2_12"/>
		</Unit>
		<Unit filename="/Users/vorpal/Development/C++/fp_in_cpp/src/ch02/listing2_14.cpp">
			<Option target="listing2_14"/>
		</Unit>
		<Unit filename="/Users/vorpal/Development/C++/fp_in_cpp/src/ch02/listing2_2.cpp">
			<Option target="listing2_2"/>
		</Unit>
		<Unit filename="/Users/vorpal/Development/C++/fp_in_cpp/src/ch02/listing2_3.cpp">
			<Option target="listing2_3"/>
		</Unit>
		<Unit filename="/Users/vorpal/Development/C++/fp_in_cpp/src/ch02/listing2_4.cpp">
			<Option target="listing2_4"/>
		</Unit>
		<Unit filename="/Users/vorpal/Development/C++/fp_in_cpp/src/ch02/listing2_5.cpp">
			<Option target="listing2_5"/>
		</Unit>
		<Unit filename="/Users/vorpal/Development/C++/fp_in_cpp/src/ch02/listing2_7.cpp">
			<Option target="listing2_7"/>
		</Unit>
		<Unit filename="/Users/vorpal/Development/C++/fp_in_cpp/src/ch02/listing2_8.cpp">
			<Option target="listing2_8"/>
		</Unit>
		<Unit filename="/Users/vorpal/Development/C++/fp_in_cpp/src/ch02/right_fold.cpp">
			<Option target="right_fold"/>
		</Unit>
		<Unit filename="/Users/vorpal/Development/C++/fp_in_cpp/src/ch02/string_trim.cpp">
			<Option target="string_trim"/>
		</Unit>
		<Unit filename="/Users/vorpal/Development/C++/fp_in_cpp/src/ch03/listing3_1.cpp">
			<Option target="listing3_1"/>
		</Unit>
		<Unit filename="/Users/vorpal/Development/C++/fp_in_cpp/src/ch03/listing3_2.cpp">
			<Option target="listing3_2"/>
		</Unit>
		<Unit filename="/Users/vorpal/Development/C++/fp_in_cpp/src/ch03/listing3_5.cpp">
			<Option target="listing3_5"/>
		</Unit>
		<Unit filename="/Users/vorpal/Development/C++/fp_in_cpp/src/ch03/listing3_6.cpp">
			<Option target="listing3_6"/>
		</Unit>
		<Unit filename="/Users/vorpal/Development/C++/fp_in_cpp/src/ch03/prelude.cpp">
			<Option target="prelude"/>
		</Unit>
		<Unit filename="/Users/vorpal/Development/C++/fp_in_cpp/CMakeLists.txt">
			<Option virtualFolder="CMake Files\"/>
		</Unit>
		<Unit filename="/Users/vorpal/Development/C++/fp_in_cpp/../../../../../usr/local/lib/cmake/range-v3/range-v3-config-version.cmake">
			<Option virtualFolder="CMake Files\..\..\..\..\..\usr\local\lib\cmake\range-v3\"/>
		</Unit>
		<Unit filename="/Users/vorpal/Development/C++/fp_in_cpp/../../../../../usr/local/lib/cmake/range-v3/range-v3-config.cmake">
			<Option virtualFolder="CMake Files\..\..\..\..\..\usr\local\lib\cmake\range-v3\"/>
		</Unit>
		<Unit filename="/Users/vorpal/Development/C++/fp_in_cpp/src/CMakeLists.txt">
			<Option virtualFolder="CMake Files\src\"/>
		</Unit>
		<Unit filename="/Users/vorpal/Development/C++/fp_in_cpp/src/ch01/CMakeLists.txt">
			<Option virtualFolder="CMake Files\src\ch01\"/>
		</Unit>
		<Unit filename="/Users/vorpal/Development/C++/fp_in_cpp/src/ch01/listing1_1.cpp">
			<Option virtualFolder="CMake Files\src\ch01\"/>
		</Unit>
		<Unit filename="/Users/vorpal/Development/C++/fp_in_cpp/src/ch01/listing1_2.cpp">
			<Option virtualFolder="CMake Files\src\ch01\"/>
		</Unit>
		<Unit filename="/Users/vorpal/Development/C++/fp_in_cpp/src/ch01/listing1_4.cpp">
			<Option virtualFolder="CMake Files\src\ch01\"/>
		</Unit>
		<Unit filename="/Users/vorpal/Development/C++/fp_in_cpp/src/ch01/listing1_5.cpp">
			<Option virtualFolder="CMake Files\src\ch01\"/>
		</Unit>
		<Unit filename="/Users/vorpal/Development/C++/fp_in_cpp/src/ch02/CMakeLists.txt">
			<Option virtualFolder="CMake Files\src\ch02\"/>
		</Unit>
		<Unit filename="/Users/vorpal/Development/C++/fp_in_cpp/src/ch03/CMakeLists.txt">
			<Option virtualFolder="CMake Files\src\ch03\"/>
		</Unit>
	</Project>
</CodeBlocks_project_file>
